
Microsoft Visual Studio Solution File, Format Version 12.00
# Visual Studio Version 16
VisualStudioVersion = 16.0.33801.447
MinimumVisualStudioVersion = 10.0.40219.1
Project("{FAE04EC0-301F-11D3-BF4B-00C04F79EFBC}") = "WatsonCodeReader", "WatsonCodeReader\WatsonCodeReader.csproj", "{9395642A-3D3E-4B99-B430-BFA4B85284A8}"
EndProject
Global
	GlobalSection(SolutionConfigurationPlatforms) = preSolution
		Debug|Any CPU = Debug|Any CPU
		Release|Any CPU = Release|Any CPU
	EndGlobalSection
	GlobalSection(ProjectConfigurationPlatforms) = postSolution
		{9395642A-3D3E-4B99-B430-BFA4B85284A8}.Debug|Any CPU.ActiveCfg = Debug|Any CPU
		{9395642A-3D3E-4B99-B430-BFA4B85284A8}.Debug|Any CPU.Build.0 = Debug|Any CPU
		{9395642A-3D3E-4B99-B430-BFA4B85284A8}.Release|Any CPU.ActiveCfg = Release|Any CPU
		{9395642A-3D3E-4B99-B430-BFA4B85284A8}.Release|Any CPU.Build.0 = Release|Any CPU
	EndGlobalSection
	GlobalSection(SolutionProperties) = preSolution
		HideSolutionNode = FALSE
	EndGlobalSection
	GlobalSection(ExtensibilityGlobals) = postSolution
		SolutionGuid = {6BD411E1-E9E8-40B8-A83E-3D7F2A428B26}
	EndGlobalSection
EndGlobal
